// !$*UTF8*$!
{
	archiveVersion = 1;
	classes = {
	};
	objectVersion = 46;
	objects = {

/* Begin PBXBuildFile section */
		4703B46B1BF093D600298A03 /* TestingTips.swift in Sources */ = {isa = PBXBuildFile; fileRef = 4703B46A1BF093D600298A03 /* TestingTips.swift */; };
		4703B4731BF3D27B00298A03 /* CreditsViewController.swift in Sources */ = {isa = PBXBuildFile; fileRef = 4703B4721BF3D27B00298A03 /* CreditsViewController.swift */; };
		4703B4791BF6C06000298A03 /* Transporter.framework in Frameworks */ = {isa = PBXBuildFile; fileRef = 4703B4761BF6C06000298A03 /* Transporter.framework */; };
		4703B47F1BF6DF7000298A03 /* ResultObjects.swift in Sources */ = {isa = PBXBuildFile; fileRef = 4703B47E1BF6DF7000298A03 /* ResultObjects.swift */; };
		47120BDD1C0942A6004D11A7 /* NewTestTableViewController.swift in Sources */ = {isa = PBXBuildFile; fileRef = 47120BDC1C0942A6004D11A7 /* NewTestTableViewController.swift */; };
		47120BDF1C0942C6004D11A7 /* OldTestsTableViewController.swift in Sources */ = {isa = PBXBuildFile; fileRef = 47120BDE1C0942C6004D11A7 /* OldTestsTableViewController.swift */; };
		471E6E461C071598002C43C5 /* Credits.swift in Sources */ = {isa = PBXBuildFile; fileRef = 471E6E451C071598002C43C5 /* Credits.swift */; };
		473099B51C5DCF0000CBA4AA /* SingletonUploader.swift in Sources */ = {isa = PBXBuildFile; fileRef = 473099B41C5DCF0000CBA4AA /* SingletonUploader.swift */; };
		473E01591CB523FF001D6047 /* RealmSwift.framework in Frameworks */ = {isa = PBXBuildFile; fileRef = 473E01571CB523FF001D6047 /* RealmSwift.framework */; };
		473E015A1CB523FF001D6047 /* RealmSwift.framework in CopyFiles */ = {isa = PBXBuildFile; fileRef = 473E01571CB523FF001D6047 /* RealmSwift.framework */; settings = {ATTRIBUTES = (CodeSignOnCopy, RemoveHeadersOnCopy, ); }; };
		473E015B1CB523FF001D6047 /* Realm.framework in Frameworks */ = {isa = PBXBuildFile; fileRef = 473E01581CB523FF001D6047 /* Realm.framework */; };
		473E015C1CB523FF001D6047 /* Realm.framework in CopyFiles */ = {isa = PBXBuildFile; fileRef = 473E01581CB523FF001D6047 /* Realm.framework */; settings = {ATTRIBUTES = (CodeSignOnCopy, RemoveHeadersOnCopy, ); }; };
		4751F4551C18C26F0035AEED /* OldTestViewController.swift in Sources */ = {isa = PBXBuildFile; fileRef = 4751F4541C18C26F0035AEED /* OldTestViewController.swift */; };
		475A40021C0323A400CC6F2A /* Transporter.framework in CopyFiles */ = {isa = PBXBuildFile; fileRef = 4703B4761BF6C06000298A03 /* Transporter.framework */; settings = {ATTRIBUTES = (CodeSignOnCopy, RemoveHeadersOnCopy, ); }; };
		475A40041C04026000CC6F2A /* TipsViewController.swift in Sources */ = {isa = PBXBuildFile; fileRef = 475A40031C04026000CC6F2A /* TipsViewController.swift */; };
		475A40081C05597600CC6F2A /* HomeTableViewController.swift in Sources */ = {isa = PBXBuildFile; fileRef = 475A40071C05597600CC6F2A /* HomeTableViewController.swift */; };
		47752BAF1BEA9B8700A97859 /* AppDelegate.swift in Sources */ = {isa = PBXBuildFile; fileRef = 47752BAE1BEA9B8700A97859 /* AppDelegate.swift */; };
		47752BB41BEA9B8700A97859 /* Main.storyboard in Resources */ = {isa = PBXBuildFile; fileRef = 47752BB21BEA9B8700A97859 /* Main.storyboard */; };
		47752BB61BEA9B8700A97859 /* Assets.xcassets in Resources */ = {isa = PBXBuildFile; fileRef = 47752BB51BEA9B8700A97859 /* Assets.xcassets */; };
		47752BB91BEA9B8700A97859 /* LaunchScreen.storyboard in Resources */ = {isa = PBXBuildFile; fileRef = 47752BB71BEA9B8700A97859 /* LaunchScreen.storyboard */; };
		47752BC11BEA9DC800A97859 /* TestMasterTemplates.swift in Sources */ = {isa = PBXBuildFile; fileRef = 47752BC01BEA9DC800A97859 /* TestMasterTemplates.swift */; };
		479E7E0F1C0E378E001F735D /* KDCircularProgress.swift in Sources */ = {isa = PBXBuildFile; fileRef = 479E7E0E1C0E378E001F735D /* KDCircularProgress.swift */; };
		479E7E111C0E38FE001F735D /* ModalViewController.swift in Sources */ = {isa = PBXBuildFile; fileRef = 479E7E101C0E38FE001F735D /* ModalViewController.swift */; };
		47C85B241CCD739B006E3438 /* GME_AerialPhoto_Big_GET_Image.txt in Resources */ = {isa = PBXBuildFile; fileRef = 47C85B161CCD739B006E3438 /* GME_AerialPhoto_Big_GET_Image.txt */; };
		47C85B251CCD739B006E3438 /* GME_AerialPhoto_GetTileKVP_GET_Image.txt in Resources */ = {isa = PBXBuildFile; fileRef = 47C85B171CCD739B006E3438 /* GME_AerialPhoto_GetTileKVP_GET_Image.txt */; };
		47C85B261CCD739B006E3438 /* GME_AerialPhoto_GetTileKVP2_GET_Image.txt in Resources */ = {isa = PBXBuildFile; fileRef = 47C85B181CCD739B006E3438 /* GME_AerialPhoto_GetTileKVP2_GET_Image.txt */; };
		47C85B271CCD739B006E3438 /* GME_AerialPhoto_GetTileKVP3_GET_Image.txt in Resources */ = {isa = PBXBuildFile; fileRef = 47C85B191CCD739B006E3438 /* GME_AerialPhoto_GetTileKVP3_GET_Image.txt */; };
		47C85B281CCD739B006E3438 /* GME_AerialPhoto_GetTileKVP4_GET_Image.txt in Resources */ = {isa = PBXBuildFile; fileRef = 47C85B1A1CCD739B006E3438 /* GME_AerialPhoto_GetTileKVP4_GET_Image.txt */; };
		47C85B291CCD739B006E3438 /* GME_AerialPhoto_Small_GET_Image.txt in Resources */ = {isa = PBXBuildFile; fileRef = 47C85B1B1CCD739B006E3438 /* GME_AerialPhoto_Small_GET_Image.txt */; };
		47C85B2A1CCD739B006E3438 /* GME_AerialPhoto_WMSGetCapabilities_GET_XML.txt in Resources */ = {isa = PBXBuildFile; fileRef = 47C85B1C1CCD739B006E3438 /* GME_AerialPhoto_WMSGetCapabilities_GET_XML.txt */; };
		47C85B2B1CCD739B006E3438 /* GME_AerialPhoto_WMTSGetCapabilities_GET_XML.txt in Resources */ = {isa = PBXBuildFile; fileRef = 47C85B1D1CCD739B006E3438 /* GME_AerialPhoto_WMTSGetCapabilities_GET_XML.txt */; };
		47C85B2C1CCD739B006E3438 /* GME_BusStops_AttributeFilter_GET_JSON.txt in Resources */ = {isa = PBXBuildFile; fileRef = 47C85B1E1CCD739B006E3438 /* GME_BusStops_AttributeFilter_GET_JSON.txt */; };
		47C85B2D1CCD739B006E3438 /* GME_BusStops_Big_GET_JSON.txt in Resources */ = {isa = PBXBuildFile; fileRef = 47C85B1F1CCD739B006E3438 /* GME_BusStops_Big_GET_JSON.txt */; };
		47C85B2E1CCD739B006E3438 /* GME_BusStops_DistanceFilter_GET_JSON.txt in Resources */ = {isa = PBXBuildFile; fileRef = 47C85B201CCD739B006E3438 /* GME_BusStops_DistanceFilter_GET_JSON.txt */; };
		47C85B2F1CCD739B006E3438 /* GME_BusStops_FeatureByID_GET_JSON.txt in Resources */ = {isa = PBXBuildFile; fileRef = 47C85B211CCD739B006E3438 /* GME_BusStops_FeatureByID_GET_JSON.txt */; };
		47C85B301CCD739B006E3438 /* GME_BusStops_IntersectFilter_GET_JSON.txt in Resources */ = {isa = PBXBuildFile; fileRef = 47C85B221CCD739B006E3438 /* GME_BusStops_IntersectFilter_GET_JSON.txt */; };
		47C85B311CCD739B006E3438 /* GME_BusStops_Small_GET_JSON.txt in Resources */ = {isa = PBXBuildFile; fileRef = 47C85B231CCD739B006E3438 /* GME_BusStops_Small_GET_JSON.txt */; };
		47C85B331CCD7E3C006E3438 /* ReferenceObjects.swift in Sources */ = {isa = PBXBuildFile; fileRef = 47C85B321CCD7E3C006E3438 /* ReferenceObjects.swift */; };
		47D8F7111C0BF3E700E4ED9C /* TestViewController.swift in Sources */ = {isa = PBXBuildFile; fileRef = 47D8F7101C0BF3E700E4ED9C /* TestViewController.swift */; };
		47F2AEEE1BF978AC00E70DEB /* LocationTester.swift in Sources */ = {isa = PBXBuildFile; fileRef = 47F2AEED1BF978AC00E70DEB /* LocationTester.swift */; };
		47F2AEF01BFA71F600E70DEB /* NetworkTester.swift in Sources */ = {isa = PBXBuildFile; fileRef = 47F2AEEF1BFA71F600E70DEB /* NetworkTester.swift */; };
		47F2AEF21BFAD0B900E70DEB /* PingTester.swift in Sources */ = {isa = PBXBuildFile; fileRef = 47F2AEF11BFAD0B900E70DEB /* PingTester.swift */; };
		47F2AEF41BFAD0C800E70DEB /* EndpointTester.swift in Sources */ = {isa = PBXBuildFile; fileRef = 47F2AEF31BFAD0C800E70DEB /* EndpointTester.swift */; };
		47F2AEF61BFB1C5D00E70DEB /* Reachability.swift in Sources */ = {isa = PBXBuildFile; fileRef = 47F2AEF51BFB1C5D00E70DEB /* Reachability.swift */; };
		47FC450B1BEEFAE3005A90E5 /* SingletonTestManager.swift in Sources */ = {isa = PBXBuildFile; fileRef = 47FC450A1BEEFAE3005A90E5 /* SingletonTestManager.swift */; };
/* End PBXBuildFile section */

/* Begin PBXCopyFilesBuildPhase section */
		475A3FFF1C03233300CC6F2A /* CopyFiles */ = {
			isa = PBXCopyFilesBuildPhase;
			buildActionMask = 2147483647;
			dstPath = "";
			dstSubfolderSpec = 10;
			files = (
				473E015C1CB523FF001D6047 /* Realm.framework in CopyFiles */,
				473E015A1CB523FF001D6047 /* RealmSwift.framework in CopyFiles */,
				475A40021C0323A400CC6F2A /* Transporter.framework in CopyFiles */,
			);
			runOnlyForDeploymentPostprocessing = 0;
		};
/* End PBXCopyFilesBuildPhase section */

/* Begin PBXFileReference section */
		4703B46A1BF093D600298A03 /* TestingTips.swift */ = {isa = PBXFileReference; fileEncoding = 4; lastKnownFileType = sourcecode.swift; path = TestingTips.swift; sourceTree = "<group>"; };
		4703B4721BF3D27B00298A03 /* CreditsViewController.swift */ = {isa = PBXFileReference; fileEncoding = 4; lastKnownFileType = sourcecode.swift; path = CreditsViewController.swift; sourceTree = "<group>"; };
		4703B4761BF6C06000298A03 /* Transporter.framework */ = {isa = PBXFileReference; lastKnownFileType = wrapper.framework; name = Transporter.framework; path = Carthage/Build/iOS/Transporter.framework; sourceTree = "<group>"; };
		4703B47E1BF6DF7000298A03 /* ResultObjects.swift */ = {isa = PBXFileReference; fileEncoding = 4; lastKnownFileType = sourcecode.swift; path = ResultObjects.swift; sourceTree = "<group>"; };
		47120BDC1C0942A6004D11A7 /* NewTestTableViewController.swift */ = {isa = PBXFileReference; fileEncoding = 4; lastKnownFileType = sourcecode.swift; path = NewTestTableViewController.swift; sourceTree = "<group>"; };
		47120BDE1C0942C6004D11A7 /* OldTestsTableViewController.swift */ = {isa = PBXFileReference; fileEncoding = 4; lastKnownFileType = sourcecode.swift; path = OldTestsTableViewController.swift; sourceTree = "<group>"; };
		471E6E451C071598002C43C5 /* Credits.swift */ = {isa = PBXFileReference; fileEncoding = 4; lastKnownFileType = sourcecode.swift; path = Credits.swift; sourceTree = "<group>"; };
		473099B41C5DCF0000CBA4AA /* SingletonUploader.swift */ = {isa = PBXFileReference; fileEncoding = 4; lastKnownFileType = sourcecode.swift; path = SingletonUploader.swift; sourceTree = "<group>"; };
		473E01571CB523FF001D6047 /* RealmSwift.framework */ = {isa = PBXFileReference; lastKnownFileType = wrapper.framework; name = RealmSwift.framework; path = Carthage/Build/iOS/RealmSwift.framework; sourceTree = "<group>"; };
		473E01581CB523FF001D6047 /* Realm.framework */ = {isa = PBXFileReference; lastKnownFileType = wrapper.framework; name = Realm.framework; path = Carthage/Build/iOS/Realm.framework; sourceTree = "<group>"; };
		4751F4541C18C26F0035AEED /* OldTestViewController.swift */ = {isa = PBXFileReference; fileEncoding = 4; lastKnownFileType = sourcecode.swift; path = OldTestViewController.swift; sourceTree = "<group>"; };
		475A40031C04026000CC6F2A /* TipsViewController.swift */ = {isa = PBXFileReference; fileEncoding = 4; lastKnownFileType = sourcecode.swift; path = TipsViewController.swift; sourceTree = "<group>"; };
		475A40071C05597600CC6F2A /* HomeTableViewController.swift */ = {isa = PBXFileReference; fileEncoding = 4; lastKnownFileType = sourcecode.swift; path = HomeTableViewController.swift; sourceTree = "<group>"; };
		47752BAB1BEA9B8700A97859 /* LandgateAPITest.app */ = {isa = PBXFileReference; explicitFileType = wrapper.application; includeInIndex = 0; path = LandgateAPITest.app; sourceTree = BUILT_PRODUCTS_DIR; };
		47752BAE1BEA9B8700A97859 /* AppDelegate.swift */ = {isa = PBXFileReference; lastKnownFileType = sourcecode.swift; path = AppDelegate.swift; sourceTree = "<group>"; };
		47752BB31BEA9B8700A97859 /* Base */ = {isa = PBXFileReference; lastKnownFileType = file.storyboard; name = Base; path = Base.lproj/Main.storyboard; sourceTree = "<group>"; };
		47752BB51BEA9B8700A97859 /* Assets.xcassets */ = {isa = PBXFileReference; lastKnownFileType = folder.assetcatalog; path = Assets.xcassets; sourceTree = "<group>"; };
		47752BB81BEA9B8700A97859 /* Base */ = {isa = PBXFileReference; lastKnownFileType = file.storyboard; name = Base; path = Base.lproj/LaunchScreen.storyboard; sourceTree = "<group>"; };
		47752BBA1BEA9B8700A97859 /* Info.plist */ = {isa = PBXFileReference; lastKnownFileType = text.plist.xml; path = Info.plist; sourceTree = "<group>"; };
		47752BC01BEA9DC800A97859 /* TestMasterTemplates.swift */ = {isa = PBXFileReference; fileEncoding = 4; lastKnownFileType = sourcecode.swift; path = TestMasterTemplates.swift; sourceTree = "<group>"; };
		479E7E0E1C0E378E001F735D /* KDCircularProgress.swift */ = {isa = PBXFileReference; fileEncoding = 4; lastKnownFileType = sourcecode.swift; path = KDCircularProgress.swift; sourceTree = "<group>"; };
		479E7E101C0E38FE001F735D /* ModalViewController.swift */ = {isa = PBXFileReference; fileEncoding = 4; lastKnownFileType = sourcecode.swift; path = ModalViewController.swift; sourceTree = "<group>"; };
		47C85AF71CBFB28A006E3438 /* backup.realm */ = {isa = PBXFileReference; lastKnownFileType = file; path = backup.realm; sourceTree = "<group>"; };
		47C85B161CCD739B006E3438 /* GME_AerialPhoto_Big_GET_Image.txt */ = {isa = PBXFileReference; lastKnownFileType = text; path = GME_AerialPhoto_Big_GET_Image.txt; sourceTree = "<group>"; };
		47C85B171CCD739B006E3438 /* GME_AerialPhoto_GetTileKVP_GET_Image.txt */ = {isa = PBXFileReference; lastKnownFileType = text; path = GME_AerialPhoto_GetTileKVP_GET_Image.txt; sourceTree = "<group>"; };
		47C85B181CCD739B006E3438 /* GME_AerialPhoto_GetTileKVP2_GET_Image.txt */ = {isa = PBXFileReference; lastKnownFileType = text; path = GME_AerialPhoto_GetTileKVP2_GET_Image.txt; sourceTree = "<group>"; };
		47C85B191CCD739B006E3438 /* GME_AerialPhoto_GetTileKVP3_GET_Image.txt */ = {isa = PBXFileReference; lastKnownFileType = text; path = GME_AerialPhoto_GetTileKVP3_GET_Image.txt; sourceTree = "<group>"; };
		47C85B1A1CCD739B006E3438 /* GME_AerialPhoto_GetTileKVP4_GET_Image.txt */ = {isa = PBXFileReference; lastKnownFileType = text; path = GME_AerialPhoto_GetTileKVP4_GET_Image.txt; sourceTree = "<group>"; };
		47C85B1B1CCD739B006E3438 /* GME_AerialPhoto_Small_GET_Image.txt */ = {isa = PBXFileReference; lastKnownFileType = text; path = GME_AerialPhoto_Small_GET_Image.txt; sourceTree = "<group>"; };
		47C85B1C1CCD739B006E3438 /* GME_AerialPhoto_WMSGetCapabilities_GET_XML.txt */ = {isa = PBXFileReference; lastKnownFileType = text; path = GME_AerialPhoto_WMSGetCapabilities_GET_XML.txt; sourceTree = "<group>"; };
		47C85B1D1CCD739B006E3438 /* GME_AerialPhoto_WMTSGetCapabilities_GET_XML.txt */ = {isa = PBXFileReference; lastKnownFileType = text; path = GME_AerialPhoto_WMTSGetCapabilities_GET_XML.txt; sourceTree = "<group>"; };
		47C85B1E1CCD739B006E3438 /* GME_BusStops_AttributeFilter_GET_JSON.txt */ = {isa = PBXFileReference; lastKnownFileType = text; path = GME_BusStops_AttributeFilter_GET_JSON.txt; sourceTree = "<group>"; };
		47C85B1F1CCD739B006E3438 /* GME_BusStops_Big_GET_JSON.txt */ = {isa = PBXFileReference; lastKnownFileType = text; path = GME_BusStops_Big_GET_JSON.txt; sourceTree = "<group>"; };
		47C85B201CCD739B006E3438 /* GME_BusStops_DistanceFilter_GET_JSON.txt */ = {isa = PBXFileReference; lastKnownFileType = text; path = GME_BusStops_DistanceFilter_GET_JSON.txt; sourceTree = "<group>"; };
		47C85B211CCD739B006E3438 /* GME_BusStops_FeatureByID_GET_JSON.txt */ = {isa = PBXFileReference; lastKnownFileType = text; path = GME_BusStops_FeatureByID_GET_JSON.txt; sourceTree = "<group>"; };
		47C85B221CCD739B006E3438 /* GME_BusStops_IntersectFilter_GET_JSON.txt */ = {isa = PBXFileReference; lastKnownFileType = text; path = GME_BusStops_IntersectFilter_GET_JSON.txt; sourceTree = "<group>"; };
		47C85B231CCD739B006E3438 /* GME_BusStops_Small_GET_JSON.txt */ = {isa = PBXFileReference; lastKnownFileType = text; path = GME_BusStops_Small_GET_JSON.txt; sourceTree = "<group>"; };
		47C85B321CCD7E3C006E3438 /* ReferenceObjects.swift */ = {isa = PBXFileReference; fileEncoding = 4; lastKnownFileType = sourcecode.swift; path = ReferenceObjects.swift; sourceTree = "<group>"; };
		47D8F7101C0BF3E700E4ED9C /* TestViewController.swift */ = {isa = PBXFileReference; fileEncoding = 4; lastKnownFileType = sourcecode.swift; path = TestViewController.swift; sourceTree = "<group>"; };
		47F2AEED1BF978AC00E70DEB /* LocationTester.swift */ = {isa = PBXFileReference; fileEncoding = 4; lastKnownFileType = sourcecode.swift; path = LocationTester.swift; sourceTree = "<group>"; };
		47F2AEEF1BFA71F600E70DEB /* NetworkTester.swift */ = {isa = PBXFileReference; fileEncoding = 4; lastKnownFileType = sourcecode.swift; path = NetworkTester.swift; sourceTree = "<group>"; };
		47F2AEF11BFAD0B900E70DEB /* PingTester.swift */ = {isa = PBXFileReference; fileEncoding = 4; lastKnownFileType = sourcecode.swift; path = PingTester.swift; sourceTree = "<group>"; };
		47F2AEF31BFAD0C800E70DEB /* EndpointTester.swift */ = {isa = PBXFileReference; fileEncoding = 4; lastKnownFileType = sourcecode.swift; path = EndpointTester.swift; sourceTree = "<group>"; };
		47F2AEF51BFB1C5D00E70DEB /* Reachability.swift */ = {isa = PBXFileReference; fileEncoding = 4; lastKnownFileType = sourcecode.swift; name = Reachability.swift; path = ../../../Reachability.swift/Reachability/Reachability.swift; sourceTree = "<group>"; };
		47FC450A1BEEFAE3005A90E5 /* SingletonTestManager.swift */ = {isa = PBXFileReference; fileEncoding = 4; lastKnownFileType = sourcecode.swift; path = SingletonTestManager.swift; sourceTree = "<group>"; };
/* End PBXFileReference section */

/* Begin PBXFrameworksBuildPhase section */
		47752BA81BEA9B8700A97859 /* Frameworks */ = {
			isa = PBXFrameworksBuildPhase;
			buildActionMask = 2147483647;
			files = (
				473E015B1CB523FF001D6047 /* Realm.framework in Frameworks */,
				473E01591CB523FF001D6047 /* RealmSwift.framework in Frameworks */,
				4703B4791BF6C06000298A03 /* Transporter.framework in Frameworks */,
			);
			runOnlyForDeploymentPostprocessing = 0;
		};
/* End PBXFrameworksBuildPhase section */

/* Begin PBXGroup section */
		47752BA21BEA9B8700A97859 = {
			isa = PBXGroup;
			children = (
				47C85B161CCD739B006E3438 /* GME_AerialPhoto_Big_GET_Image.txt */,
				47C85B171CCD739B006E3438 /* GME_AerialPhoto_GetTileKVP_GET_Image.txt */,
				47C85B181CCD739B006E3438 /* GME_AerialPhoto_GetTileKVP2_GET_Image.txt */,
				47C85B191CCD739B006E3438 /* GME_AerialPhoto_GetTileKVP3_GET_Image.txt */,
				47C85B1A1CCD739B006E3438 /* GME_AerialPhoto_GetTileKVP4_GET_Image.txt */,
				47C85B1B1CCD739B006E3438 /* GME_AerialPhoto_Small_GET_Image.txt */,
				47C85B1C1CCD739B006E3438 /* GME_AerialPhoto_WMSGetCapabilities_GET_XML.txt */,
				47C85B1D1CCD739B006E3438 /* GME_AerialPhoto_WMTSGetCapabilities_GET_XML.txt */,
				47C85B1E1CCD739B006E3438 /* GME_BusStops_AttributeFilter_GET_JSON.txt */,
				47C85B1F1CCD739B006E3438 /* GME_BusStops_Big_GET_JSON.txt */,
				47C85B201CCD739B006E3438 /* GME_BusStops_DistanceFilter_GET_JSON.txt */,
				47C85B211CCD739B006E3438 /* GME_BusStops_FeatureByID_GET_JSON.txt */,
				47C85B221CCD739B006E3438 /* GME_BusStops_IntersectFilter_GET_JSON.txt */,
				47C85B231CCD739B006E3438 /* GME_BusStops_Small_GET_JSON.txt */,
				47C85AF71CBFB28A006E3438 /* backup.realm */,
				473E01571CB523FF001D6047 /* RealmSwift.framework */,
				473E01581CB523FF001D6047 /* Realm.framework */,
				4703B4761BF6C06000298A03 /* Transporter.framework */,
				47752BAD1BEA9B8700A97859 /* LandgateAPITest */,
				47752BAC1BEA9B8700A97859 /* Products */,
			);
			sourceTree = "<group>";
		};
		47752BAC1BEA9B8700A97859 /* Products */ = {
			isa = PBXGroup;
			children = (
				47752BAB1BEA9B8700A97859 /* LandgateAPITest.app */,
			);
			name = Products;
			sourceTree = "<group>";
		};
		47752BAD1BEA9B8700A97859 /* LandgateAPITest */ = {
			isa = PBXGroup;
			children = (
				47752BAE1BEA9B8700A97859 /* AppDelegate.swift */,
				47FB28401C6048760084A395 /* Singleton Managers */,
				47FB283E1C6047EF0084A395 /* Testers */,
				47FB28411C6048AF0084A395 /* Model */,
				47FB28421C6048C80084A395 /* View Controllers */,
				47FB283F1C60484E0084A395 /* Open Source Code */,
				47752BB21BEA9B8700A97859 /* Main.storyboard */,
				47752BB71BEA9B8700A97859 /* LaunchScreen.storyboard */,
				47752BB51BEA9B8700A97859 /* Assets.xcassets */,
				47752BBA1BEA9B8700A97859 /* Info.plist */,
			);
			path = LandgateAPITest;
			sourceTree = "<group>";
		};
		47FB283E1C6047EF0084A395 /* Testers */ = {
			isa = PBXGroup;
			children = (
				47F2AEF31BFAD0C800E70DEB /* EndpointTester.swift */,
				47F2AEED1BF978AC00E70DEB /* LocationTester.swift */,
				47F2AEEF1BFA71F600E70DEB /* NetworkTester.swift */,
				47F2AEF11BFAD0B900E70DEB /* PingTester.swift */,
			);
			name = Testers;
			sourceTree = "<group>";
		};
		47FB283F1C60484E0084A395 /* Open Source Code */ = {
			isa = PBXGroup;
			children = (
				47F2AEF51BFB1C5D00E70DEB /* Reachability.swift */,
				479E7E0E1C0E378E001F735D /* KDCircularProgress.swift */,
			);
			name = "Open Source Code";
			sourceTree = "<group>";
		};
		47FB28401C6048760084A395 /* Singleton Managers */ = {
			isa = PBXGroup;
			children = (
				47FC450A1BEEFAE3005A90E5 /* SingletonTestManager.swift */,
				473099B41C5DCF0000CBA4AA /* SingletonUploader.swift */,
			);
			name = "Singleton Managers";
			sourceTree = "<group>";
		};
		47FB28411C6048AF0084A395 /* Model */ = {
			isa = PBXGroup;
			children = (
				471E6E451C071598002C43C5 /* Credits.swift */,
				4703B47E1BF6DF7000298A03 /* ResultObjects.swift */,
				4703B46A1BF093D600298A03 /* TestingTips.swift */,
				47752BC01BEA9DC800A97859 /* TestMasterTemplates.swift */,
				47C85B321CCD7E3C006E3438 /* ReferenceObjects.swift */,
			);
			name = Model;
			sourceTree = "<group>";
		};
		47FB28421C6048C80084A395 /* View Controllers */ = {
			isa = PBXGroup;
			children = (
				4703B4721BF3D27B00298A03 /* CreditsViewController.swift */,
				475A40071C05597600CC6F2A /* HomeTableViewController.swift */,
				479E7E101C0E38FE001F735D /* ModalViewController.swift */,
				47120BDC1C0942A6004D11A7 /* NewTestTableViewController.swift */,
				47120BDE1C0942C6004D11A7 /* OldTestsTableViewController.swift */,
				4751F4541C18C26F0035AEED /* OldTestViewController.swift */,
				47D8F7101C0BF3E700E4ED9C /* TestViewController.swift */,
				475A40031C04026000CC6F2A /* TipsViewController.swift */,
			);
			name = "View Controllers";
			sourceTree = "<group>";
		};
/* End PBXGroup section */

/* Begin PBXNativeTarget section */
		47752BAA1BEA9B8700A97859 /* LandgateAPITest */ = {
			isa = PBXNativeTarget;
			buildConfigurationList = 47752BBD1BEA9B8700A97859 /* Build configuration list for PBXNativeTarget "LandgateAPITest" */;
			buildPhases = (
				47752BA71BEA9B8700A97859 /* Sources */,
				47752BA81BEA9B8700A97859 /* Frameworks */,
				47752BA91BEA9B8700A97859 /* Resources */,
				4703B47A1BF6C08D00298A03 /* ShellScript */,
				475A3FFF1C03233300CC6F2A /* CopyFiles */,
			);
			buildRules = (
			);
			dependencies = (
			);
			name = LandgateAPITest;
			productName = LandgateAPITest;
			productReference = 47752BAB1BEA9B8700A97859 /* LandgateAPITest.app */;
			productType = "com.apple.product-type.application";
		};
/* End PBXNativeTarget section */

/* Begin PBXProject section */
		47752BA31BEA9B8700A97859 /* Project object */ = {
			isa = PBXProject;
			attributes = {
				LastSwiftUpdateCheck = 0710;
				LastUpgradeCheck = 0710;
				ORGANIZATIONNAME = "Endeavour Apps";
				TargetAttributes = {
					47752BAA1BEA9B8700A97859 = {
						CreatedOnToolsVersion = 7.1;
						DevelopmentTeam = 66PQ4DSJ2W;
					};
				};
			};
			buildConfigurationList = 47752BA61BEA9B8700A97859 /* Build configuration list for PBXProject "LandgateAPITest" */;
			compatibilityVersion = "Xcode 3.2";
			developmentRegion = English;
			hasScannedForEncodings = 0;
			knownRegions = (
				en,
				Base,
			);
			mainGroup = 47752BA21BEA9B8700A97859;
			productRefGroup = 47752BAC1BEA9B8700A97859 /* Products */;
			projectDirPath = "";
			projectRoot = "";
			targets = (
				47752BAA1BEA9B8700A97859 /* LandgateAPITest */,
			);
		};
/* End PBXProject section */

/* Begin PBXResourcesBuildPhase section */
		47752BA91BEA9B8700A97859 /* Resources */ = {
			isa = PBXResourcesBuildPhase;
			buildActionMask = 2147483647;
			files = (
				47C85B241CCD739B006E3438 /* GME_AerialPhoto_Big_GET_Image.txt in Resources */,
				47C85B251CCD739B006E3438 /* GME_AerialPhoto_GetTileKVP_GET_Image.txt in Resources */,
				47C85B261CCD739B006E3438 /* GME_AerialPhoto_GetTileKVP2_GET_Image.txt in Resources */,
				47C85B271CCD739B006E3438 /* GME_AerialPhoto_GetTileKVP3_GET_Image.txt in Resources */,
				47C85B281CCD739B006E3438 /* GME_AerialPhoto_GetTileKVP4_GET_Image.txt in Resources */,
				47C85B291CCD739B006E3438 /* GME_AerialPhoto_Small_GET_Image.txt in Resources */,
				47C85B2A1CCD739B006E3438 /* GME_AerialPhoto_WMSGetCapabilities_GET_XML.txt in Resources */,
				47C85B2B1CCD739B006E3438 /* GME_AerialPhoto_WMTSGetCapabilities_GET_XML.txt in Resources */,
				47C85B2C1CCD739B006E3438 /* GME_BusStops_AttributeFilter_GET_JSON.txt in Resources */,
				47C85B2D1CCD739B006E3438 /* GME_BusStops_Big_GET_JSON.txt in Resources */,
				47C85B2E1CCD739B006E3438 /* GME_BusStops_DistanceFilter_GET_JSON.txt in Resources */,
				47C85B2F1CCD739B006E3438 /* GME_BusStops_FeatureByID_GET_JSON.txt in Resources */,
				47C85B301CCD739B006E3438 /* GME_BusStops_IntersectFilter_GET_JSON.txt in Resources */,
				47C85B311CCD739B006E3438 /* GME_BusStops_Small_GET_JSON.txt in Resources */,
				47752BB91BEA9B8700A97859 /* LaunchScreen.storyboard in Resources */,
				47752BB61BEA9B8700A97859 /* Assets.xcassets in Resources */,
				47752BB41BEA9B8700A97859 /* Main.storyboard in Resources */,
			);
			runOnlyForDeploymentPostprocessing = 0;
		};
/* End PBXResourcesBuildPhase section */

/* Begin PBXShellScriptBuildPhase section */
		4703B47A1BF6C08D00298A03 /* ShellScript */ = {
			isa = PBXShellScriptBuildPhase;
			buildActionMask = 8;
			files = (
			);
			inputPaths = (
				"$(SRCROOT)/Carthage/Build/iOS/RealmSwift.framework",
				"$(SRCROOT)/Carthage/Build/iOS/Transporter.framework",
				"$(SRCROOT)/Carthage/Build/iOS/Realm.framework",
			);
			outputPaths = (
			);
			runOnlyForDeploymentPostprocessing = 1;
			shellPath = /bin/sh;
			shellScript = "/usr/local/bin/carthage copy-frameworks";
		};
/* End PBXShellScriptBuildPhase section */

/* Begin PBXSourcesBuildPhase section */
		47752BA71BEA9B8700A97859 /* Sources */ = {
			isa = PBXSourcesBuildPhase;
			buildActionMask = 2147483647;
			files = (
				479E7E0F1C0E378E001F735D /* KDCircularProgress.swift in Sources */,
				4751F4551C18C26F0035AEED /* OldTestViewController.swift in Sources */,
				47752BAF1BEA9B8700A97859 /* AppDelegate.swift in Sources */,
				475A40041C04026000CC6F2A /* TipsViewController.swift in Sources */,
				4703B4731BF3D27B00298A03 /* CreditsViewController.swift in Sources */,
				47120BDD1C0942A6004D11A7 /* NewTestTableViewController.swift in Sources */,
				47C85B331CCD7E3C006E3438 /* ReferenceObjects.swift in Sources */,
				47F2AEEE1BF978AC00E70DEB /* LocationTester.swift in Sources */,
				471E6E461C071598002C43C5 /* Credits.swift in Sources */,
				47752BC11BEA9DC800A97859 /* TestMasterTemplates.swift in Sources */,
				4703B46B1BF093D600298A03 /* TestingTips.swift in Sources */,
				47F2AEF41BFAD0C800E70DEB /* EndpointTester.swift in Sources */,
				47F2AEF01BFA71F600E70DEB /* NetworkTester.swift in Sources */,
				47FC450B1BEEFAE3005A90E5 /* SingletonTestManager.swift in Sources */,
				4703B47F1BF6DF7000298A03 /* ResultObjects.swift in Sources */,
				473099B51C5DCF0000CBA4AA /* SingletonUploader.swift in Sources */,
				47F2AEF21BFAD0B900E70DEB /* PingTester.swift in Sources */,
				47120BDF1C0942C6004D11A7 /* OldTestsTableViewController.swift in Sources */,
				479E7E111C0E38FE001F735D /* ModalViewController.swift in Sources */,
				47F2AEF61BFB1C5D00E70DEB /* Reachability.swift in Sources */,
				47D8F7111C0BF3E700E4ED9C /* TestViewController.swift in Sources */,
				475A40081C05597600CC6F2A /* HomeTableViewController.swift in Sources */,
			);
			runOnlyForDeploymentPostprocessing = 0;
		};
/* End PBXSourcesBuildPhase section */

/* Begin PBXVariantGroup section */
		47752BB21BEA9B8700A97859 /* Main.storyboard */ = {
			isa = PBXVariantGroup;
			children = (
				47752BB31BEA9B8700A97859 /* Base */,
			);
			name = Main.storyboard;
			sourceTree = "<group>";
		};
		47752BB71BEA9B8700A97859 /* LaunchScreen.storyboard */ = {
			isa = PBXVariantGroup;
			children = (
				47752BB81BEA9B8700A97859 /* Base */,
			);
			name = LaunchScreen.storyboard;
			sourceTree = "<group>";
		};
/* End PBXVariantGroup section */

/* Begin XCBuildConfiguration section */
		47752BBB1BEA9B8700A97859 /* Debug */ = {
			isa = XCBuildConfiguration;
			buildSettings = {
				ALWAYS_SEARCH_USER_PATHS = NO;
				CLANG_CXX_LANGUAGE_STANDARD = "gnu++0x";
				CLANG_CXX_LIBRARY = "libc++";
				CLANG_ENABLE_MODULES = YES;
				CLANG_ENABLE_OBJC_ARC = YES;
				CLANG_WARN_BOOL_CONVERSION = YES;
				CLANG_WARN_CONSTANT_CONVERSION = YES;
				CLANG_WARN_DIRECT_OBJC_ISA_USAGE = YES_ERROR;
				CLANG_WARN_EMPTY_BODY = YES;
				CLANG_WARN_ENUM_CONVERSION = YES;
				CLANG_WARN_INT_CONVERSION = YES;
				CLANG_WARN_OBJC_ROOT_CLASS = YES_ERROR;
				CLANG_WARN_UNREACHABLE_CODE = YES;
				CLANG_WARN__DUPLICATE_METHOD_MATCH = YES;
				"CODE_SIGN_IDENTITY[sdk=iphoneos*]" = "";
				COPY_PHASE_STRIP = NO;
				DEBUG_INFORMATION_FORMAT = dwarf;
				ENABLE_STRICT_OBJC_MSGSEND = YES;
				ENABLE_TESTABILITY = YES;
				GCC_C_LANGUAGE_STANDARD = gnu99;
				GCC_DYNAMIC_NO_PIC = NO;
				GCC_NO_COMMON_BLOCKS = YES;
				GCC_OPTIMIZATION_LEVEL = 0;
				GCC_PREPROCESSOR_DEFINITIONS = (
					"DEBUG=1",
					"$(inherited)",
				);
				GCC_WARN_64_TO_32_BIT_CONVERSION = YES;
				GCC_WARN_ABOUT_RETURN_TYPE = YES_ERROR;
				GCC_WARN_UNDECLARED_SELECTOR = YES;
				GCC_WARN_UNINITIALIZED_AUTOS = YES_AGGRESSIVE;
				GCC_WARN_UNUSED_FUNCTION = YES;
				GCC_WARN_UNUSED_VARIABLE = YES;
				IPHONEOS_DEPLOYMENT_TARGET = 9.1;
				MTL_ENABLE_DEBUG_INFO = YES;
				ONLY_ACTIVE_ARCH = YES;
				PROVISIONING_PROFILE = "a99f3120-28d1-4900-ae87-de86e57e7c18";
				SDKROOT = iphoneos;
				SWIFT_OPTIMIZATION_LEVEL = "-Onone";
				TARGETED_DEVICE_FAMILY = "1,2";
			};
			name = Debug;
		};
		47752BBC1BEA9B8700A97859 /* Release */ = {
			isa = XCBuildConfiguration;
			buildSettings = {
				ALWAYS_SEARCH_USER_PATHS = NO;
				CLANG_CXX_LANGUAGE_STANDARD = "gnu++0x";
				CLANG_CXX_LIBRARY = "libc++";
				CLANG_ENABLE_MODULES = YES;
				CLANG_ENABLE_OBJC_ARC = YES;
				CLANG_WARN_BOOL_CONVERSION = YES;
				CLANG_WARN_CONSTANT_CONVERSION = YES;
				CLANG_WARN_DIRECT_OBJC_ISA_USAGE = YES_ERROR;
				CLANG_WARN_EMPTY_BODY = YES;
				CLANG_WARN_ENUM_CONVERSION = YES;
				CLANG_WARN_INT_CONVERSION = YES;
				CLANG_WARN_OBJC_ROOT_CLASS = YES_ERROR;
				CLANG_WARN_UNREACHABLE_CODE = YES;
				CLANG_WARN__DUPLICATE_METHOD_MATCH = YES;
				"CODE_SIGN_IDENTITY[sdk=iphoneos*]" = "";
				COPY_PHASE_STRIP = NO;
				DEBUG_INFORMATION_FORMAT = "dwarf-with-dsym";
				ENABLE_NS_ASSERTIONS = NO;
				ENABLE_STRICT_OBJC_MSGSEND = YES;
				GCC_C_LANGUAGE_STANDARD = gnu99;
				GCC_NO_COMMON_BLOCKS = YES;
				GCC_WARN_64_TO_32_BIT_CONVERSION = YES;
				GCC_WARN_ABOUT_RETURN_TYPE = YES_ERROR;
				GCC_WARN_UNDECLARED_SELECTOR = YES;
				GCC_WARN_UNINITIALIZED_AUTOS = YES_AGGRESSIVE;
				GCC_WARN_UNUSED_FUNCTION = YES;
				GCC_WARN_UNUSED_VARIABLE = YES;
				IPHONEOS_DEPLOYMENT_TARGET = 9.1;
				MTL_ENABLE_DEBUG_INFO = NO;
				PROVISIONING_PROFILE = "a99f3120-28d1-4900-ae87-de86e57e7c18";
				SDKROOT = iphoneos;
				TARGETED_DEVICE_FAMILY = "1,2";
				VALIDATE_PRODUCT = YES;
			};
			name = Release;
		};
		47752BBE1BEA9B8700A97859 /* Debug */ = {
			isa = XCBuildConfiguration;
			buildSettings = {
				ASSETCATALOG_COMPILER_APPICON_NAME = AppIcon;
				CLANG_ENABLE_MODULES = YES;
				CODE_SIGN_IDENTITY = "iPhone Developer";
				"CODE_SIGN_IDENTITY[sdk=iphoneos*]" = "iPhone Developer";
				FRAMEWORK_SEARCH_PATHS = (
					"$(inherited)",
					"$(PROJECT_DIR)/Carthage/Build/iOS",
					"$(PROJECT_DIR)",
				);
				INFOPLIST_FILE = LandgateAPITest/Info.plist;
				LD_RUNPATH_SEARCH_PATHS = "$(inherited) @executable_path/Frameworks";
				PRODUCT_BUNDLE_IDENTIFIER = com.endeavourapps.LandgateAPITest;
				PRODUCT_NAME = "$(TARGET_NAME)";
				PROVISIONING_PROFILE = "";
				SWIFT_OPTIMIZATION_LEVEL = "-Onone";
			};
			name = Debug;
		};
		47752BBF1BEA9B8700A97859 /* Release */ = {
			isa = XCBuildConfiguration;
			buildSettings = {
				ASSETCATALOG_COMPILER_APPICON_NAME = AppIcon;
				CLANG_ENABLE_MODULES = YES;
				CODE_SIGN_IDENTITY = "iPhone Developer";
				"CODE_SIGN_IDENTITY[sdk=iphoneos*]" = "iPhone Developer";
				FRAMEWORK_SEARCH_PATHS = (
					"$(inherited)",
					"$(PROJECT_DIR)/Carthage/Build/iOS",
					"$(PROJECT_DIR)",
				);
				INFOPLIST_FILE = LandgateAPITest/Info.plist;
				LD_RUNPATH_SEARCH_PATHS = "$(inherited) @executable_path/Frameworks";
				PRODUCT_BUNDLE_IDENTIFIER = com.endeavourapps.LandgateAPITest;
				PRODUCT_NAME = "$(TARGET_NAME)";
				PROVISIONING_PROFILE = "";
			};
			name = Release;
		};
/* End XCBuildConfiguration section */

/* Begin XCConfigurationList section */
		47752BA61BEA9B8700A97859 /* Build configuration list for PBXProject "LandgateAPITest" */ = {
			isa = XCConfigurationList;
			buildConfigurations = (
				47752BBB1BEA9B8700A97859 /* Debug */,
				47752BBC1BEA9B8700A97859 /* Release */,
			);
			defaultConfigurationIsVisible = 0;
			defaultConfigurationName = Release;
		};
		47752BBD1BEA9B8700A97859 /* Build configuration list for PBXNativeTarget "LandgateAPITest" */ = {
			isa = XCConfigurationList;
			buildConfigurations = (
				47752BBE1BEA9B8700A97859 /* Debug */,
				47752BBF1BEA9B8700A97859 /* Release */,
			);
			defaultConfigurationIsVisible = 0;
			defaultConfigurationName = Release;
		};
/* End XCConfigurationList section */
	};
	rootObject = 47752BA31BEA9B8700A97859 /* Project object */;
}
