// !$*UTF8*$!
{
	archiveVersion = 1;
	classes = {
	};
	objectVersion = 46;
	objects = {

/* Begin PBXBuildFile section */
		4703B46B1BF093D600298A03 /* TestingTips.swift in Sources */ = {isa = PBXBuildFile; fileRef = 4703B46A1BF093D600298A03 /* TestingTips.swift */; };
		4703B46D1BF130C000298A03 /* ReferenceObjects.swift in Sources */ = {isa = PBXBuildFile; fileRef = 4703B46C1BF130C000298A03 /* ReferenceObjects.swift */; };
		4703B4731BF3D27B00298A03 /* CreditsViewController.swift in Sources */ = {isa = PBXBuildFile; fileRef = 4703B4721BF3D27B00298A03 /* CreditsViewController.swift */; };
		4703B4771BF6C06000298A03 /* Realm.framework in Frameworks */ = {isa = PBXBuildFile; fileRef = 4703B4741BF6C06000298A03 /* Realm.framework */; };
		4703B4781BF6C06000298A03 /* RealmSwift.framework in Frameworks */ = {isa = PBXBuildFile; fileRef = 4703B4751BF6C06000298A03 /* RealmSwift.framework */; };
		4703B4791BF6C06000298A03 /* Transporter.framework in Frameworks */ = {isa = PBXBuildFile; fileRef = 4703B4761BF6C06000298A03 /* Transporter.framework */; };
		4703B47F1BF6DF7000298A03 /* ResultObjects.swift in Sources */ = {isa = PBXBuildFile; fileRef = 4703B47E1BF6DF7000298A03 /* ResultObjects.swift */; };
		47752BAF1BEA9B8700A97859 /* AppDelegate.swift in Sources */ = {isa = PBXBuildFile; fileRef = 47752BAE1BEA9B8700A97859 /* AppDelegate.swift */; };
		47752BB11BEA9B8700A97859 /* ViewController.swift in Sources */ = {isa = PBXBuildFile; fileRef = 47752BB01BEA9B8700A97859 /* ViewController.swift */; };
		47752BB41BEA9B8700A97859 /* Main.storyboard in Resources */ = {isa = PBXBuildFile; fileRef = 47752BB21BEA9B8700A97859 /* Main.storyboard */; };
		47752BB61BEA9B8700A97859 /* Assets.xcassets in Resources */ = {isa = PBXBuildFile; fileRef = 47752BB51BEA9B8700A97859 /* Assets.xcassets */; };
		47752BB91BEA9B8700A97859 /* LaunchScreen.storyboard in Resources */ = {isa = PBXBuildFile; fileRef = 47752BB71BEA9B8700A97859 /* LaunchScreen.storyboard */; };
		47752BC11BEA9DC800A97859 /* TestMasterTemplates.swift in Sources */ = {isa = PBXBuildFile; fileRef = 47752BC01BEA9DC800A97859 /* TestMasterTemplates.swift */; };
		47FC450B1BEEFAE3005A90E5 /* SingletonTestManager.swift in Sources */ = {isa = PBXBuildFile; fileRef = 47FC450A1BEEFAE3005A90E5 /* SingletonTestManager.swift */; };
/* End PBXBuildFile section */

/* Begin PBXFileReference section */
		4703B46A1BF093D600298A03 /* TestingTips.swift */ = {isa = PBXFileReference; fileEncoding = 4; lastKnownFileType = sourcecode.swift; path = TestingTips.swift; sourceTree = "<group>"; };
		4703B46C1BF130C000298A03 /* ReferenceObjects.swift */ = {isa = PBXFileReference; fileEncoding = 4; lastKnownFileType = sourcecode.swift; path = ReferenceObjects.swift; sourceTree = "<group>"; };
		4703B4721BF3D27B00298A03 /* CreditsViewController.swift */ = {isa = PBXFileReference; fileEncoding = 4; lastKnownFileType = sourcecode.swift; path = CreditsViewController.swift; sourceTree = "<group>"; };
		4703B4741BF6C06000298A03 /* Realm.framework */ = {isa = PBXFileReference; lastKnownFileType = wrapper.framework; name = Realm.framework; path = Carthage/Build/iOS/Realm.framework; sourceTree = "<group>"; };
		4703B4751BF6C06000298A03 /* RealmSwift.framework */ = {isa = PBXFileReference; lastKnownFileType = wrapper.framework; name = RealmSwift.framework; path = Carthage/Build/iOS/RealmSwift.framework; sourceTree = "<group>"; };
		4703B4761BF6C06000298A03 /* Transporter.framework */ = {isa = PBXFileReference; lastKnownFileType = wrapper.framework; name = Transporter.framework; path = Carthage/Build/iOS/Transporter.framework; sourceTree = "<group>"; };
		4703B47E1BF6DF7000298A03 /* ResultObjects.swift */ = {isa = PBXFileReference; fileEncoding = 4; lastKnownFileType = sourcecode.swift; path = ResultObjects.swift; sourceTree = "<group>"; };
		47752BAB1BEA9B8700A97859 /* LandgateAPITest.app */ = {isa = PBXFileReference; explicitFileType = wrapper.application; includeInIndex = 0; path = LandgateAPITest.app; sourceTree = BUILT_PRODUCTS_DIR; };
		47752BAE1BEA9B8700A97859 /* AppDelegate.swift */ = {isa = PBXFileReference; lastKnownFileType = sourcecode.swift; path = AppDelegate.swift; sourceTree = "<group>"; };
		47752BB01BEA9B8700A97859 /* ViewController.swift */ = {isa = PBXFileReference; lastKnownFileType = sourcecode.swift; path = ViewController.swift; sourceTree = "<group>"; };
		47752BB31BEA9B8700A97859 /* Base */ = {isa = PBXFileReference; lastKnownFileType = file.storyboard; name = Base; path = Base.lproj/Main.storyboard; sourceTree = "<group>"; };
		47752BB51BEA9B8700A97859 /* Assets.xcassets */ = {isa = PBXFileReference; lastKnownFileType = folder.assetcatalog; path = Assets.xcassets; sourceTree = "<group>"; };
		47752BB81BEA9B8700A97859 /* Base */ = {isa = PBXFileReference; lastKnownFileType = file.storyboard; name = Base; path = Base.lproj/LaunchScreen.storyboard; sourceTree = "<group>"; };
		47752BBA1BEA9B8700A97859 /* Info.plist */ = {isa = PBXFileReference; lastKnownFileType = text.plist.xml; path = Info.plist; sourceTree = "<group>"; };
		47752BC01BEA9DC800A97859 /* TestMasterTemplates.swift */ = {isa = PBXFileReference; fileEncoding = 4; lastKnownFileType = sourcecode.swift; path = TestMasterTemplates.swift; sourceTree = "<group>"; };
		47FC450A1BEEFAE3005A90E5 /* SingletonTestManager.swift */ = {isa = PBXFileReference; fileEncoding = 4; lastKnownFileType = sourcecode.swift; path = SingletonTestManager.swift; sourceTree = "<group>"; };
/* End PBXFileReference section */

/* Begin PBXFrameworksBuildPhase section */
		47752BA81BEA9B8700A97859 /* Frameworks */ = {
			isa = PBXFrameworksBuildPhase;
			buildActionMask = 2147483647;
			files = (
				4703B4771BF6C06000298A03 /* Realm.framework in Frameworks */,
				4703B4781BF6C06000298A03 /* RealmSwift.framework in Frameworks */,
				4703B4791BF6C06000298A03 /* Transporter.framework in Frameworks */,
			);
			runOnlyForDeploymentPostprocessing = 0;
		};
/* End PBXFrameworksBuildPhase section */

/* Begin PBXGroup section */
		47752BA21BEA9B8700A97859 = {
			isa = PBXGroup;
			children = (
				4703B4741BF6C06000298A03 /* Realm.framework */,
				4703B4751BF6C06000298A03 /* RealmSwift.framework */,
				4703B4761BF6C06000298A03 /* Transporter.framework */,
				47752BAD1BEA9B8700A97859 /* LandgateAPITest */,
				47752BAC1BEA9B8700A97859 /* Products */,
			);
			sourceTree = "<group>";
		};
		47752BAC1BEA9B8700A97859 /* Products */ = {
			isa = PBXGroup;
			children = (
				47752BAB1BEA9B8700A97859 /* LandgateAPITest.app */,
			);
			name = Products;
			sourceTree = "<group>";
		};
		47752BAD1BEA9B8700A97859 /* LandgateAPITest */ = {
			isa = PBXGroup;
			children = (
				4703B47E1BF6DF7000298A03 /* ResultObjects.swift */,
				47752BAE1BEA9B8700A97859 /* AppDelegate.swift */,
				47752BC01BEA9DC800A97859 /* TestMasterTemplates.swift */,
				47FC450A1BEEFAE3005A90E5 /* SingletonTestManager.swift */,
				47752BB01BEA9B8700A97859 /* ViewController.swift */,
				4703B4721BF3D27B00298A03 /* CreditsViewController.swift */,
				47752BB21BEA9B8700A97859 /* Main.storyboard */,
				4703B46C1BF130C000298A03 /* ReferenceObjects.swift */,
				4703B46A1BF093D600298A03 /* TestingTips.swift */,
				47752BB51BEA9B8700A97859 /* Assets.xcassets */,
				47752BB71BEA9B8700A97859 /* LaunchScreen.storyboard */,
				47752BBA1BEA9B8700A97859 /* Info.plist */,
			);
			path = LandgateAPITest;
			sourceTree = "<group>";
		};
/* End PBXGroup section */

/* Begin PBXNativeTarget section */
		47752BAA1BEA9B8700A97859 /* LandgateAPITest */ = {
			isa = PBXNativeTarget;
			buildConfigurationList = 47752BBD1BEA9B8700A97859 /* Build configuration list for PBXNativeTarget "LandgateAPITest" */;
			buildPhases = (
				47752BA71BEA9B8700A97859 /* Sources */,
				47752BA81BEA9B8700A97859 /* Frameworks */,
				47752BA91BEA9B8700A97859 /* Resources */,
				4703B47A1BF6C08D00298A03 /* ShellScript */,
			);
			buildRules = (
			);
			dependencies = (
			);
			name = LandgateAPITest;
			productName = LandgateAPITest;
			productReference = 47752BAB1BEA9B8700A97859 /* LandgateAPITest.app */;
			productType = "com.apple.product-type.application";
		};
/* End PBXNativeTarget section */

/* Begin PBXProject section */
		47752BA31BEA9B8700A97859 /* Project object */ = {
			isa = PBXProject;
			attributes = {
				LastSwiftUpdateCheck = 0710;
				LastUpgradeCheck = 0710;
				ORGANIZATIONNAME = "Endeavour Apps";
				TargetAttributes = {
					47752BAA1BEA9B8700A97859 = {
						CreatedOnToolsVersion = 7.1;
					};
				};
			};
			buildConfigurationList = 47752BA61BEA9B8700A97859 /* Build configuration list for PBXProject "LandgateAPITest" */;
			compatibilityVersion = "Xcode 3.2";
			developmentRegion = English;
			hasScannedForEncodings = 0;
			knownRegions = (
				en,
				Base,
			);
			mainGroup = 47752BA21BEA9B8700A97859;
			productRefGroup = 47752BAC1BEA9B8700A97859 /* Products */;
			projectDirPath = "";
			projectRoot = "";
			targets = (
				47752BAA1BEA9B8700A97859 /* LandgateAPITest */,
			);
		};
/* End PBXProject section */

/* Begin PBXResourcesBuildPhase section */
		47752BA91BEA9B8700A97859 /* Resources */ = {
			isa = PBXResourcesBuildPhase;
			buildActionMask = 2147483647;
			files = (
				47752BB91BEA9B8700A97859 /* LaunchScreen.storyboard in Resources */,
				47752BB61BEA9B8700A97859 /* Assets.xcassets in Resources */,
				47752BB41BEA9B8700A97859 /* Main.storyboard in Resources */,
			);
			runOnlyForDeploymentPostprocessing = 0;
		};
/* End PBXResourcesBuildPhase section */

/* Begin PBXShellScriptBuildPhase section */
		4703B47A1BF6C08D00298A03 /* ShellScript */ = {
			isa = PBXShellScriptBuildPhase;
			buildActionMask = 2147483647;
			files = (
			);
			inputPaths = (
				"$(SRCROOT)/Carthage/Build/iOS/Realm.framework ",
				"$(SRCROOT)/Carthage/Build/iOS/RealmSwift.framework",
				"$(SRCROOT)/Carthage/Build/iOS/Transporter.framework",
			);
			outputPaths = (
			);
			runOnlyForDeploymentPostprocessing = 0;
			shellPath = /bin/sh;
			shellScript = "/usr/local/bin/carthage copy-frameworks";
		};
/* End PBXShellScriptBuildPhase section */

/* Begin PBXSourcesBuildPhase section */
		47752BA71BEA9B8700A97859 /* Sources */ = {
			isa = PBXSourcesBuildPhase;
			buildActionMask = 2147483647;
			files = (
				47752BB11BEA9B8700A97859 /* ViewController.swift in Sources */,
				47752BAF1BEA9B8700A97859 /* AppDelegate.swift in Sources */,
				4703B4731BF3D27B00298A03 /* CreditsViewController.swift in Sources */,
				4703B46D1BF130C000298A03 /* ReferenceObjects.swift in Sources */,
				47752BC11BEA9DC800A97859 /* TestMasterTemplates.swift in Sources */,
				4703B46B1BF093D600298A03 /* TestingTips.swift in Sources */,
				47FC450B1BEEFAE3005A90E5 /* SingletonTestManager.swift in Sources */,
				4703B47F1BF6DF7000298A03 /* ResultObjects.swift in Sources */,
			);
			runOnlyForDeploymentPostprocessing = 0;
		};
/* End PBXSourcesBuildPhase section */

/* Begin PBXVariantGroup section */
		47752BB21BEA9B8700A97859 /* Main.storyboard */ = {
			isa = PBXVariantGroup;
			children = (
				47752BB31BEA9B8700A97859 /* Base */,
			);
			name = Main.storyboard;
			sourceTree = "<group>";
		};
		47752BB71BEA9B8700A97859 /* LaunchScreen.storyboard */ = {
			isa = PBXVariantGroup;
			children = (
				47752BB81BEA9B8700A97859 /* Base */,
			);
			name = LaunchScreen.storyboard;
			sourceTree = "<group>";
		};
/* End PBXVariantGroup section */

/* Begin XCBuildConfiguration section */
		47752BBB1BEA9B8700A97859 /* Debug */ = {
			isa = XCBuildConfiguration;
			buildSettings = {
				ALWAYS_SEARCH_USER_PATHS = NO;
				CLANG_CXX_LANGUAGE_STANDARD = "gnu++0x";
				CLANG_CXX_LIBRARY = "libc++";
				CLANG_ENABLE_MODULES = YES;
				CLANG_ENABLE_OBJC_ARC = YES;
				CLANG_WARN_BOOL_CONVERSION = YES;
				CLANG_WARN_CONSTANT_CONVERSION = YES;
				CLANG_WARN_DIRECT_OBJC_ISA_USAGE = YES_ERROR;
				CLANG_WARN_EMPTY_BODY = YES;
				CLANG_WARN_ENUM_CONVERSION = YES;
				CLANG_WARN_INT_CONVERSION = YES;
				CLANG_WARN_OBJC_ROOT_CLASS = YES_ERROR;
				CLANG_WARN_UNREACHABLE_CODE = YES;
				CLANG_WARN__DUPLICATE_METHOD_MATCH = YES;
				"CODE_SIGN_IDENTITY[sdk=iphoneos*]" = "iPhone Developer";
				COPY_PHASE_STRIP = NO;
				DEBUG_INFORMATION_FORMAT = dwarf;
				ENABLE_STRICT_OBJC_MSGSEND = YES;
				ENABLE_TESTABILITY = YES;
				GCC_C_LANGUAGE_STANDARD = gnu99;
				GCC_DYNAMIC_NO_PIC = NO;
				GCC_NO_COMMON_BLOCKS = YES;
				GCC_OPTIMIZATION_LEVEL = 0;
				GCC_PREPROCESSOR_DEFINITIONS = (
					"DEBUG=1",
					"$(inherited)",
				);
				GCC_WARN_64_TO_32_BIT_CONVERSION = YES;
				GCC_WARN_ABOUT_RETURN_TYPE = YES_ERROR;
				GCC_WARN_UNDECLARED_SELECTOR = YES;
				GCC_WARN_UNINITIALIZED_AUTOS = YES_AGGRESSIVE;
				GCC_WARN_UNUSED_FUNCTION = YES;
				GCC_WARN_UNUSED_VARIABLE = YES;
				IPHONEOS_DEPLOYMENT_TARGET = 9.1;
				MTL_ENABLE_DEBUG_INFO = YES;
				ONLY_ACTIVE_ARCH = YES;
				SDKROOT = iphoneos;
				SWIFT_OPTIMIZATION_LEVEL = "-Onone";
				TARGETED_DEVICE_FAMILY = "1,2";
			};
			name = Debug;
		};
		47752BBC1BEA9B8700A97859 /* Release */ = {
			isa = XCBuildConfiguration;
			buildSettings = {
				ALWAYS_SEARCH_USER_PATHS = NO;
				CLANG_CXX_LANGUAGE_STANDARD = "gnu++0x";
				CLANG_CXX_LIBRARY = "libc++";
				CLANG_ENABLE_MODULES = YES;
				CLANG_ENABLE_OBJC_ARC = YES;
				CLANG_WARN_BOOL_CONVERSION = YES;
				CLANG_WARN_CONSTANT_CONVERSION = YES;
				CLANG_WARN_DIRECT_OBJC_ISA_USAGE = YES_ERROR;
				CLANG_WARN_EMPTY_BODY = YES;
				CLANG_WARN_ENUM_CONVERSION = YES;
				CLANG_WARN_INT_CONVERSION = YES;
				CLANG_WARN_OBJC_ROOT_CLASS = YES_ERROR;
				CLANG_WARN_UNREACHABLE_CODE = YES;
				CLANG_WARN__DUPLICATE_METHOD_MATCH = YES;
				"CODE_SIGN_IDENTITY[sdk=iphoneos*]" = "iPhone Developer";
				COPY_PHASE_STRIP = NO;
				DEBUG_INFORMATION_FORMAT = "dwarf-with-dsym";
				ENABLE_NS_ASSERTIONS = NO;
				ENABLE_STRICT_OBJC_MSGSEND = YES;
				GCC_C_LANGUAGE_STANDARD = gnu99;
				GCC_NO_COMMON_BLOCKS = YES;
				GCC_WARN_64_TO_32_BIT_CONVERSION = YES;
				GCC_WARN_ABOUT_RETURN_TYPE = YES_ERROR;
				GCC_WARN_UNDECLARED_SELECTOR = YES;
				GCC_WARN_UNINITIALIZED_AUTOS = YES_AGGRESSIVE;
				GCC_WARN_UNUSED_FUNCTION = YES;
				GCC_WARN_UNUSED_VARIABLE = YES;
				IPHONEOS_DEPLOYMENT_TARGET = 9.1;
				MTL_ENABLE_DEBUG_INFO = NO;
				SDKROOT = iphoneos;
				TARGETED_DEVICE_FAMILY = "1,2";
				VALIDATE_PRODUCT = YES;
			};
			name = Release;
		};
		47752BBE1BEA9B8700A97859 /* Debug */ = {
			isa = XCBuildConfiguration;
			buildSettings = {
				ASSETCATALOG_COMPILER_APPICON_NAME = AppIcon;
				CLANG_ENABLE_MODULES = YES;
				FRAMEWORK_SEARCH_PATHS = (
					"$(inherited)",
					"$(PROJECT_DIR)/Carthage/Build/iOS",
				);
				INFOPLIST_FILE = LandgateAPITest/Info.plist;
				LD_RUNPATH_SEARCH_PATHS = "$(inherited) @executable_path/Frameworks";
				PRODUCT_BUNDLE_IDENTIFIER = com.endeavourapps.LandgateAPITest;
				PRODUCT_NAME = "$(TARGET_NAME)";
				SWIFT_OPTIMIZATION_LEVEL = "-Onone";
			};
			name = Debug;
		};
		47752BBF1BEA9B8700A97859 /* Release */ = {
			isa = XCBuildConfiguration;
			buildSettings = {
				ASSETCATALOG_COMPILER_APPICON_NAME = AppIcon;
				CLANG_ENABLE_MODULES = YES;
				FRAMEWORK_SEARCH_PATHS = (
					"$(inherited)",
					"$(PROJECT_DIR)/Carthage/Build/iOS",
				);
				INFOPLIST_FILE = LandgateAPITest/Info.plist;
				LD_RUNPATH_SEARCH_PATHS = "$(inherited) @executable_path/Frameworks";
				PRODUCT_BUNDLE_IDENTIFIER = com.endeavourapps.LandgateAPITest;
				PRODUCT_NAME = "$(TARGET_NAME)";
			};
			name = Release;
		};
/* End XCBuildConfiguration section */

/* Begin XCConfigurationList section */
		47752BA61BEA9B8700A97859 /* Build configuration list for PBXProject "LandgateAPITest" */ = {
			isa = XCConfigurationList;
			buildConfigurations = (
				47752BBB1BEA9B8700A97859 /* Debug */,
				47752BBC1BEA9B8700A97859 /* Release */,
			);
			defaultConfigurationIsVisible = 0;
			defaultConfigurationName = Release;
		};
		47752BBD1BEA9B8700A97859 /* Build configuration list for PBXNativeTarget "LandgateAPITest" */ = {
			isa = XCConfigurationList;
			buildConfigurations = (
				47752BBE1BEA9B8700A97859 /* Debug */,
				47752BBF1BEA9B8700A97859 /* Release */,
			);
			defaultConfigurationIsVisible = 0;
			defaultConfigurationName = Release;
		};
/* End XCConfigurationList section */
	};
	rootObject = 47752BA31BEA9B8700A97859 /* Project object */;
}
